
Microsoft Visual Studio Solution File, Format Version 12.00
# Visual Studio Version 16
VisualStudioVersion = 16.0.29021.104
MinimumVisualStudioVersion = 10.0.40219.1
Project("{FAE04EC0-301F-11D3-BF4B-00C04F79EFBC}") = "TextEngine", "TextEngine\TextEngine.csproj", "{0148923F-8861-447F-BF4E-17D1714C9A40}"
EndProject
Project("{FAE04EC0-301F-11D3-BF4B-00C04F79EFBC}") = "PackageCreatorTool", "PackageCreatorTool\PackageCreatorTool.csproj", "{6F6559C5-34EF-49D1-86C4-00CDDD3EC2EF}"
EndProject
Project("{FAE04EC0-301F-11D3-BF4B-00C04F79EFBC}") = "YDK Data Editor", "YDK List Editor\YDK Data Editor.csproj", "{22AD6184-EADA-42EF-9AAC-FB448AABD353}"
EndProject
Project("{9A19103F-16F7-4668-BE54-9A1E7A4F7556}") = "YDK", "YDK\YDK.csproj", "{C8D3AD26-FA6A-47C8-B5A3-B829B72E66DF}"
EndProject
Global
	GlobalSection(SolutionConfigurationPlatforms) = preSolution
		Debug|Any CPU = Debug|Any CPU
		Release|Any CPU = Release|Any CPU
	EndGlobalSection
	GlobalSection(ProjectConfigurationPlatforms) = postSolution
		{0148923F-8861-447F-BF4E-17D1714C9A40}.Debug|Any CPU.ActiveCfg = Debug|Any CPU
		{0148923F-8861-447F-BF4E-17D1714C9A40}.Debug|Any CPU.Build.0 = Debug|Any CPU
		{0148923F-8861-447F-BF4E-17D1714C9A40}.Release|Any CPU.ActiveCfg = Release|Any CPU
		{0148923F-8861-447F-BF4E-17D1714C9A40}.Release|Any CPU.Build.0 = Release|Any CPU
		{6F6559C5-34EF-49D1-86C4-00CDDD3EC2EF}.Debug|Any CPU.ActiveCfg = Debug|Any CPU
		{6F6559C5-34EF-49D1-86C4-00CDDD3EC2EF}.Debug|Any CPU.Build.0 = Debug|Any CPU
		{6F6559C5-34EF-49D1-86C4-00CDDD3EC2EF}.Release|Any CPU.ActiveCfg = Release|Any CPU
		{6F6559C5-34EF-49D1-86C4-00CDDD3EC2EF}.Release|Any CPU.Build.0 = Release|Any CPU
		{22AD6184-EADA-42EF-9AAC-FB448AABD353}.Debug|Any CPU.ActiveCfg = Debug|Any CPU
		{22AD6184-EADA-42EF-9AAC-FB448AABD353}.Debug|Any CPU.Build.0 = Debug|Any CPU
		{22AD6184-EADA-42EF-9AAC-FB448AABD353}.Release|Any CPU.ActiveCfg = Release|Any CPU
		{22AD6184-EADA-42EF-9AAC-FB448AABD353}.Release|Any CPU.Build.0 = Release|Any CPU
		{C8D3AD26-FA6A-47C8-B5A3-B829B72E66DF}.Debug|Any CPU.ActiveCfg = Debug|Any CPU
		{C8D3AD26-FA6A-47C8-B5A3-B829B72E66DF}.Debug|Any CPU.Build.0 = Debug|Any CPU
		{C8D3AD26-FA6A-47C8-B5A3-B829B72E66DF}.Release|Any CPU.ActiveCfg = Release|Any CPU
		{C8D3AD26-FA6A-47C8-B5A3-B829B72E66DF}.Release|Any CPU.Build.0 = Release|Any CPU
	EndGlobalSection
	GlobalSection(SolutionProperties) = preSolution
		HideSolutionNode = FALSE
	EndGlobalSection
	GlobalSection(ExtensibilityGlobals) = postSolution
		SolutionGuid = {DB3A7A98-E682-4E75-99BF-A5B03D0A6A21}
	EndGlobalSection
EndGlobal
